// !$*UTF8*$!
{
	archiveVersion = 1;
	classes = {
	};
	objectVersion = 55;
	objects = {

/* Begin PBXBuildFile section */
		770A03CD287A17440057B468 /* AVFoundation.framework in Frameworks */ = {isa = PBXBuildFile; fileRef = 770A03CC287A17440057B468 /* AVFoundation.framework */; };
		775C064D28547F7400F1F0D4 /* AppDelegate.swift in Sources */ = {isa = PBXBuildFile; fileRef = 775C064C28547F7400F1F0D4 /* AppDelegate.swift */; };
		775C064F28547F7400F1F0D4 /* SceneDelegate.swift in Sources */ = {isa = PBXBuildFile; fileRef = 775C064E28547F7400F1F0D4 /* SceneDelegate.swift */; };
		775C065128547F7400F1F0D4 /* AlphabetViewController.swift in Sources */ = {isa = PBXBuildFile; fileRef = 775C065028547F7400F1F0D4 /* AlphabetViewController.swift */; };
		775C065428547F7400F1F0D4 /* Main.storyboard in Resources */ = {isa = PBXBuildFile; fileRef = 775C065228547F7400F1F0D4 /* Main.storyboard */; };
		775C065628547F7600F1F0D4 /* Assets.xcassets in Resources */ = {isa = PBXBuildFile; fileRef = 775C065528547F7600F1F0D4 /* Assets.xcassets */; };
		775C065928547F7600F1F0D4 /* LaunchScreen.storyboard in Resources */ = {isa = PBXBuildFile; fileRef = 775C065728547F7600F1F0D4 /* LaunchScreen.storyboard */; };
		775C06622854899F00F1F0D4 /* LetterCollectionViewCell.swift in Sources */ = {isa = PBXBuildFile; fileRef = 775C06602854899F00F1F0D4 /* LetterCollectionViewCell.swift */; };
		775C06632854899F00F1F0D4 /* LetterCollectionViewCell.xib in Resources */ = {isa = PBXBuildFile; fileRef = 775C06612854899F00F1F0D4 /* LetterCollectionViewCell.xib */; };
		776606D12881FD6B00544C5B /* sound-a-ru.mp3 in Resources */ = {isa = PBXBuildFile; fileRef = 776606D02881FD6B00544C5B /* sound-a-ru.mp3 */; };
		776606F52882E70400544C5B /* sound-b-ru.mp3 in Resources */ = {isa = PBXBuildFile; fileRef = 776606D52882E70300544C5B /* sound-b-ru.mp3 */; };
		776606F62882E70400544C5B /* sound-p-ru.mp3 in Resources */ = {isa = PBXBuildFile; fileRef = 776606D62882E70300544C5B /* sound-p-ru.mp3 */; };
		776606F72882E70400544C5B /* sound-ju-ru.mp3 in Resources */ = {isa = PBXBuildFile; fileRef = 776606D72882E70300544C5B /* sound-ju-ru.mp3 */; };
		776606F82882E70400544C5B /* sound-u-ru.mp3 in Resources */ = {isa = PBXBuildFile; fileRef = 776606D82882E70300544C5B /* sound-u-ru.mp3 */; };
		776606F92882E70400544C5B /* sound-n-ru.mp3 in Resources */ = {isa = PBXBuildFile; fileRef = 776606D92882E70300544C5B /* sound-n-ru.mp3 */; };
		776606FA2882E70400544C5B /* sound-m-ru.mp3 in Resources */ = {isa = PBXBuildFile; fileRef = 776606DA2882E70300544C5B /* sound-m-ru.mp3 */; };
		776606FB2882E70400544C5B /* sound-l-ru.mp3 in Resources */ = {isa = PBXBuildFile; fileRef = 776606DB2882E70300544C5B /* sound-l-ru.mp3 */; };
		776606FC2882E70400544C5B /* sound-i-ru.mp3 in Resources */ = {isa = PBXBuildFile; fileRef = 776606DC2882E70300544C5B /* sound-i-ru.mp3 */; };
		776606FD2882E70400544C5B /* sound-c-ru.mp3 in Resources */ = {isa = PBXBuildFile; fileRef = 776606DD2882E70300544C5B /* sound-c-ru.mp3 */; };
		776606FE2882E70400544C5B /* sound-e-ru.mp3 in Resources */ = {isa = PBXBuildFile; fileRef = 776606DE2882E70300544C5B /* sound-e-ru.mp3 */; };
		776606FF2882E70400544C5B /* sound-r-ru.mp3 in Resources */ = {isa = PBXBuildFile; fileRef = 776606DF2882E70300544C5B /* sound-r-ru.mp3 */; };
		776607002882E70400544C5B /* sound-ch-ru.mp3 in Resources */ = {isa = PBXBuildFile; fileRef = 776606E02882E70300544C5B /* sound-ch-ru.mp3 */; };
		776607012882E70400544C5B /* sound-tverdyj-znak-ru.mp3 in Resources */ = {isa = PBXBuildFile; fileRef = 776606E12882E70300544C5B /* sound-tverdyj-znak-ru.mp3 */; };
		776607022882E70400544C5B /* sound-y-ru.mp3 in Resources */ = {isa = PBXBuildFile; fileRef = 776606E22882E70400544C5B /* sound-y-ru.mp3 */; };
		776607032882E70400544C5B /* sound-j-ru.mp3 in Resources */ = {isa = PBXBuildFile; fileRef = 776606E32882E70400544C5B /* sound-j-ru.mp3 */; };
		776607042882E70400544C5B /* sound-h-ru.mp3 in Resources */ = {isa = PBXBuildFile; fileRef = 776606E42882E70400544C5B /* sound-h-ru.mp3 */; };
		776607052882E70400544C5B /* sound-v-ru.mp3 in Resources */ = {isa = PBXBuildFile; fileRef = 776606E52882E70400544C5B /* sound-v-ru.mp3 */; };
		776607062882E70400544C5B /* sound-d-ru.mp3 in Resources */ = {isa = PBXBuildFile; fileRef = 776606E62882E70400544C5B /* sound-d-ru.mp3 */; };
		776607072882E70400544C5B /* sound-jo-ru.mp3 in Resources */ = {isa = PBXBuildFile; fileRef = 776606E72882E70400544C5B /* sound-jo-ru.mp3 */; };
		776607082882E70400544C5B /* sound-mjagkij-znak-ru.mp3 in Resources */ = {isa = PBXBuildFile; fileRef = 776606E82882E70400544C5B /* sound-mjagkij-znak-ru.mp3 */; };
		776607092882E70400544C5B /* sound-f-ru.mp3 in Resources */ = {isa = PBXBuildFile; fileRef = 776606E92882E70400544C5B /* sound-f-ru.mp3 */; };
		7766070A2882E70400544C5B /* sound-o-ru.mp3 in Resources */ = {isa = PBXBuildFile; fileRef = 776606EA2882E70400544C5B /* sound-o-ru.mp3 */; };
		7766070B2882E70400544C5B /* sound-ja-ru.mp3 in Resources */ = {isa = PBXBuildFile; fileRef = 776606EB2882E70400544C5B /* sound-ja-ru.mp3 */; };
		7766070C2882E70400544C5B /* sound-k-ru.mp3 in Resources */ = {isa = PBXBuildFile; fileRef = 776606EC2882E70400544C5B /* sound-k-ru.mp3 */; };
		7766070D2882E70400544C5B /* sound-sh-ru.mp3 in Resources */ = {isa = PBXBuildFile; fileRef = 776606ED2882E70400544C5B /* sound-sh-ru.mp3 */; };
		7766070E2882E70400544C5B /* sound-shh-ru.mp3 in Resources */ = {isa = PBXBuildFile; fileRef = 776606EE2882E70400544C5B /* sound-shh-ru.mp3 */; };
		7766070F2882E70400544C5B /* sound-z-ru.mp3 in Resources */ = {isa = PBXBuildFile; fileRef = 776606EF2882E70400544C5B /* sound-z-ru.mp3 */; };
		776607102882E70400544C5B /* sound-je-ru.mp3 in Resources */ = {isa = PBXBuildFile; fileRef = 776606F02882E70400544C5B /* sound-je-ru.mp3 */; };
		776607112882E70400544C5B /* sound-g-ru.mp3 in Resources */ = {isa = PBXBuildFile; fileRef = 776606F12882E70400544C5B /* sound-g-ru.mp3 */; };
		776607122882E70400544C5B /* sound-t-ru.mp3 in Resources */ = {isa = PBXBuildFile; fileRef = 776606F22882E70400544C5B /* sound-t-ru.mp3 */; };
		776607132882E70400544C5B /* sound-zh-ru.mp3 in Resources */ = {isa = PBXBuildFile; fileRef = 776606F32882E70400544C5B /* sound-zh-ru.mp3 */; };
		776607142882E70400544C5B /* sound-s-ru.mp3 in Resources */ = {isa = PBXBuildFile; fileRef = 776606F42882E70400544C5B /* sound-s-ru.mp3 */; };
		777DE664288D3F5F001AD921 /* Constants.swift in Sources */ = {isa = PBXBuildFile; fileRef = 777DE663288D3F5F001AD921 /* Constants.swift */; };
		77AC3802285752210029B5C3 /* LetterCard.swift in Sources */ = {isa = PBXBuildFile; fileRef = 77AC3801285752210029B5C3 /* LetterCard.swift */; };
		77C622ED28A8FF5500F859B0 /* WordCardView.xib in Resources */ = {isa = PBXBuildFile; fileRef = 77C622EC28A8FF5500F859B0 /* WordCardView.xib */; };
		77C622EF28A8FFD100F859B0 /* WordCardView.swift in Sources */ = {isa = PBXBuildFile; fileRef = 77C622EE28A8FFD100F859B0 /* WordCardView.swift */; };
		BE7BA216288D70480077EC6F /* background.mp4 in Resources */ = {isa = PBXBuildFile; fileRef = BE7BA215288D70480077EC6F /* background.mp4 */; };
		BE7BA219288D74400077EC6F /* LoopedVideoPlayerView.swift in Sources */ = {isa = PBXBuildFile; fileRef = BE7BA218288D74400077EC6F /* LoopedVideoPlayerView.swift */; };
		F08C33092867026600D33A94 /* Word.swift in Sources */ = {isa = PBXBuildFile; fileRef = F08C33082867026600D33A94 /* Word.swift */; };
		F08C330B286709FB00D33A94 /* MockupData.swift in Sources */ = {isa = PBXBuildFile; fileRef = F08C330A286709FB00D33A94 /* MockupData.swift */; };
/* End PBXBuildFile section */

/* Begin PBXFileReference section */
		770A03CC287A17440057B468 /* AVFoundation.framework */ = {isa = PBXFileReference; lastKnownFileType = wrapper.framework; name = AVFoundation.framework; path = System/Library/Frameworks/AVFoundation.framework; sourceTree = SDKROOT; };
		775C064928547F7400F1F0D4 /* ABC.app */ = {isa = PBXFileReference; explicitFileType = wrapper.application; includeInIndex = 0; path = ABC.app; sourceTree = BUILT_PRODUCTS_DIR; };
		775C064C28547F7400F1F0D4 /* AppDelegate.swift */ = {isa = PBXFileReference; lastKnownFileType = sourcecode.swift; path = AppDelegate.swift; sourceTree = "<group>"; };
		775C064E28547F7400F1F0D4 /* SceneDelegate.swift */ = {isa = PBXFileReference; lastKnownFileType = sourcecode.swift; path = SceneDelegate.swift; sourceTree = "<group>"; };
		775C065028547F7400F1F0D4 /* AlphabetViewController.swift */ = {isa = PBXFileReference; lastKnownFileType = sourcecode.swift; path = AlphabetViewController.swift; sourceTree = "<group>"; };
		775C065328547F7400F1F0D4 /* Base */ = {isa = PBXFileReference; lastKnownFileType = file.storyboard; name = Base; path = Base.lproj/Main.storyboard; sourceTree = "<group>"; };
		775C065528547F7600F1F0D4 /* Assets.xcassets */ = {isa = PBXFileReference; lastKnownFileType = folder.assetcatalog; path = Assets.xcassets; sourceTree = "<group>"; };
		775C065828547F7600F1F0D4 /* Base */ = {isa = PBXFileReference; lastKnownFileType = file.storyboard; name = Base; path = Base.lproj/LaunchScreen.storyboard; sourceTree = "<group>"; };
		775C065A28547F7600F1F0D4 /* Info.plist */ = {isa = PBXFileReference; lastKnownFileType = text.plist.xml; path = Info.plist; sourceTree = "<group>"; };
		775C06602854899F00F1F0D4 /* LetterCollectionViewCell.swift */ = {isa = PBXFileReference; lastKnownFileType = sourcecode.swift; path = LetterCollectionViewCell.swift; sourceTree = "<group>"; };
		775C06612854899F00F1F0D4 /* LetterCollectionViewCell.xib */ = {isa = PBXFileReference; lastKnownFileType = file.xib; path = LetterCollectionViewCell.xib; sourceTree = "<group>"; };
		776606D02881FD6B00544C5B /* sound-a-ru.mp3 */ = {isa = PBXFileReference; lastKnownFileType = audio.mp3; path = "sound-a-ru.mp3"; sourceTree = "<group>"; };
		776606D52882E70300544C5B /* sound-b-ru.mp3 */ = {isa = PBXFileReference; lastKnownFileType = audio.mp3; path = "sound-b-ru.mp3"; sourceTree = "<group>"; };
		776606D62882E70300544C5B /* sound-p-ru.mp3 */ = {isa = PBXFileReference; lastKnownFileType = audio.mp3; path = "sound-p-ru.mp3"; sourceTree = "<group>"; };
		776606D72882E70300544C5B /* sound-ju-ru.mp3 */ = {isa = PBXFileReference; lastKnownFileType = audio.mp3; path = "sound-ju-ru.mp3"; sourceTree = "<group>"; };
		776606D82882E70300544C5B /* sound-u-ru.mp3 */ = {isa = PBXFileReference; lastKnownFileType = audio.mp3; path = "sound-u-ru.mp3"; sourceTree = "<group>"; };
		776606D92882E70300544C5B /* sound-n-ru.mp3 */ = {isa = PBXFileReference; lastKnownFileType = audio.mp3; path = "sound-n-ru.mp3"; sourceTree = "<group>"; };
		776606DA2882E70300544C5B /* sound-m-ru.mp3 */ = {isa = PBXFileReference; lastKnownFileType = audio.mp3; path = "sound-m-ru.mp3"; sourceTree = "<group>"; };
		776606DB2882E70300544C5B /* sound-l-ru.mp3 */ = {isa = PBXFileReference; lastKnownFileType = audio.mp3; path = "sound-l-ru.mp3"; sourceTree = "<group>"; };
		776606DC2882E70300544C5B /* sound-i-ru.mp3 */ = {isa = PBXFileReference; lastKnownFileType = audio.mp3; path = "sound-i-ru.mp3"; sourceTree = "<group>"; };
		776606DD2882E70300544C5B /* sound-c-ru.mp3 */ = {isa = PBXFileReference; lastKnownFileType = audio.mp3; path = "sound-c-ru.mp3"; sourceTree = "<group>"; };
		776606DE2882E70300544C5B /* sound-e-ru.mp3 */ = {isa = PBXFileReference; lastKnownFileType = audio.mp3; path = "sound-e-ru.mp3"; sourceTree = "<group>"; };
		776606DF2882E70300544C5B /* sound-r-ru.mp3 */ = {isa = PBXFileReference; lastKnownFileType = audio.mp3; path = "sound-r-ru.mp3"; sourceTree = "<group>"; };
		776606E02882E70300544C5B /* sound-ch-ru.mp3 */ = {isa = PBXFileReference; lastKnownFileType = audio.mp3; path = "sound-ch-ru.mp3"; sourceTree = "<group>"; };
		776606E12882E70300544C5B /* sound-tverdyj-znak-ru.mp3 */ = {isa = PBXFileReference; lastKnownFileType = audio.mp3; path = "sound-tverdyj-znak-ru.mp3"; sourceTree = "<group>"; };
		776606E22882E70400544C5B /* sound-y-ru.mp3 */ = {isa = PBXFileReference; lastKnownFileType = audio.mp3; path = "sound-y-ru.mp3"; sourceTree = "<group>"; };
		776606E32882E70400544C5B /* sound-j-ru.mp3 */ = {isa = PBXFileReference; lastKnownFileType = audio.mp3; path = "sound-j-ru.mp3"; sourceTree = "<group>"; };
		776606E42882E70400544C5B /* sound-h-ru.mp3 */ = {isa = PBXFileReference; lastKnownFileType = audio.mp3; path = "sound-h-ru.mp3"; sourceTree = "<group>"; };
		776606E52882E70400544C5B /* sound-v-ru.mp3 */ = {isa = PBXFileReference; lastKnownFileType = audio.mp3; path = "sound-v-ru.mp3"; sourceTree = "<group>"; };
		776606E62882E70400544C5B /* sound-d-ru.mp3 */ = {isa = PBXFileReference; lastKnownFileType = audio.mp3; path = "sound-d-ru.mp3"; sourceTree = "<group>"; };
		776606E72882E70400544C5B /* sound-jo-ru.mp3 */ = {isa = PBXFileReference; lastKnownFileType = audio.mp3; path = "sound-jo-ru.mp3"; sourceTree = "<group>"; };
		776606E82882E70400544C5B /* sound-mjagkij-znak-ru.mp3 */ = {isa = PBXFileReference; lastKnownFileType = audio.mp3; path = "sound-mjagkij-znak-ru.mp3"; sourceTree = "<group>"; };
		776606E92882E70400544C5B /* sound-f-ru.mp3 */ = {isa = PBXFileReference; lastKnownFileType = audio.mp3; path = "sound-f-ru.mp3"; sourceTree = "<group>"; };
		776606EA2882E70400544C5B /* sound-o-ru.mp3 */ = {isa = PBXFileReference; lastKnownFileType = audio.mp3; path = "sound-o-ru.mp3"; sourceTree = "<group>"; };
		776606EB2882E70400544C5B /* sound-ja-ru.mp3 */ = {isa = PBXFileReference; lastKnownFileType = audio.mp3; path = "sound-ja-ru.mp3"; sourceTree = "<group>"; };
		776606EC2882E70400544C5B /* sound-k-ru.mp3 */ = {isa = PBXFileReference; lastKnownFileType = audio.mp3; path = "sound-k-ru.mp3"; sourceTree = "<group>"; };
		776606ED2882E70400544C5B /* sound-sh-ru.mp3 */ = {isa = PBXFileReference; lastKnownFileType = audio.mp3; path = "sound-sh-ru.mp3"; sourceTree = "<group>"; };
		776606EE2882E70400544C5B /* sound-shh-ru.mp3 */ = {isa = PBXFileReference; lastKnownFileType = audio.mp3; path = "sound-shh-ru.mp3"; sourceTree = "<group>"; };
		776606EF2882E70400544C5B /* sound-z-ru.mp3 */ = {isa = PBXFileReference; lastKnownFileType = audio.mp3; path = "sound-z-ru.mp3"; sourceTree = "<group>"; };
		776606F02882E70400544C5B /* sound-je-ru.mp3 */ = {isa = PBXFileReference; lastKnownFileType = audio.mp3; path = "sound-je-ru.mp3"; sourceTree = "<group>"; };
		776606F12882E70400544C5B /* sound-g-ru.mp3 */ = {isa = PBXFileReference; lastKnownFileType = audio.mp3; path = "sound-g-ru.mp3"; sourceTree = "<group>"; };
		776606F22882E70400544C5B /* sound-t-ru.mp3 */ = {isa = PBXFileReference; lastKnownFileType = audio.mp3; path = "sound-t-ru.mp3"; sourceTree = "<group>"; };
		776606F32882E70400544C5B /* sound-zh-ru.mp3 */ = {isa = PBXFileReference; lastKnownFileType = audio.mp3; path = "sound-zh-ru.mp3"; sourceTree = "<group>"; };
		776606F42882E70400544C5B /* sound-s-ru.mp3 */ = {isa = PBXFileReference; lastKnownFileType = audio.mp3; path = "sound-s-ru.mp3"; sourceTree = "<group>"; };
		777DE663288D3F5F001AD921 /* Constants.swift */ = {isa = PBXFileReference; lastKnownFileType = sourcecode.swift; path = Constants.swift; sourceTree = "<group>"; };
		77AC3801285752210029B5C3 /* LetterCard.swift */ = {isa = PBXFileReference; lastKnownFileType = sourcecode.swift; path = LetterCard.swift; sourceTree = "<group>"; };
		77C622EC28A8FF5500F859B0 /* WordCardView.xib */ = {isa = PBXFileReference; lastKnownFileType = file.xib; path = WordCardView.xib; sourceTree = "<group>"; };
		77C622EE28A8FFD100F859B0 /* WordCardView.swift */ = {isa = PBXFileReference; lastKnownFileType = sourcecode.swift; path = WordCardView.swift; sourceTree = "<group>"; };
		BE7BA215288D70480077EC6F /* background.mp4 */ = {isa = PBXFileReference; lastKnownFileType = file; path = background.mp4; sourceTree = "<group>"; };
		BE7BA218288D74400077EC6F /* LoopedVideoPlayerView.swift */ = {isa = PBXFileReference; lastKnownFileType = sourcecode.swift; path = LoopedVideoPlayerView.swift; sourceTree = "<group>"; };
		F08C33082867026600D33A94 /* Word.swift */ = {isa = PBXFileReference; lastKnownFileType = sourcecode.swift; path = Word.swift; sourceTree = "<group>"; };
		F08C330A286709FB00D33A94 /* MockupData.swift */ = {isa = PBXFileReference; lastKnownFileType = sourcecode.swift; path = MockupData.swift; sourceTree = "<group>"; };
/* End PBXFileReference section */

/* Begin PBXFrameworksBuildPhase section */
		775C064628547F7400F1F0D4 /* Frameworks */ = {
			isa = PBXFrameworksBuildPhase;
			buildActionMask = 2147483647;
			files = (
				770A03CD287A17440057B468 /* AVFoundation.framework in Frameworks */,
			);
			runOnlyForDeploymentPostprocessing = 0;
		};
/* End PBXFrameworksBuildPhase section */

/* Begin PBXGroup section */
		770A03CB287A17440057B468 /* Frameworks */ = {
			isa = PBXGroup;
			children = (
				770A03CC287A17440057B468 /* AVFoundation.framework */,
			);
			name = Frameworks;
			sourceTree = "<group>";
		};
		774C9E4D2857A0C700796147 /* Application */ = {
			isa = PBXGroup;
			children = (
				775C064C28547F7400F1F0D4 /* AppDelegate.swift */,
				775C064E28547F7400F1F0D4 /* SceneDelegate.swift */,
			);
			path = Application;
			sourceTree = "<group>";
		};
		774C9E4E2857A0FD00796147 /* Model */ = {
			isa = PBXGroup;
			children = (
				F08C330A286709FB00D33A94 /* MockupData.swift */,
				77AC3801285752210029B5C3 /* LetterCard.swift */,
				F08C33082867026600D33A94 /* Word.swift */,
			);
			path = Model;
			sourceTree = "<group>";
		};
		774C9E4F2857A12A00796147 /* Controller */ = {
			isa = PBXGroup;
			children = (
				BE7BA217288D74250077EC6F /* Components */,
			);
			path = Controller;
			sourceTree = "<group>";
		};
		774C9E502857A14900796147 /* View */ = {
			isa = PBXGroup;
			children = (
				775C065228547F7400F1F0D4 /* Main.storyboard */,
			);
			path = View;
			sourceTree = "<group>";
		};
		774C9E512857A19100796147 /* Cell */ = {
			isa = PBXGroup;
			children = (
				775C06602854899F00F1F0D4 /* LetterCollectionViewCell.swift */,
				775C06612854899F00F1F0D4 /* LetterCollectionViewCell.xib */,
			);
			path = Cell;
			sourceTree = "<group>";
		};
		775C064028547F7400F1F0D4 = {
			isa = PBXGroup;
			children = (
				775C064B28547F7400F1F0D4 /* ABC */,
				775C064A28547F7400F1F0D4 /* Products */,
				770A03CB287A17440057B468 /* Frameworks */,
			);
			sourceTree = "<group>";
		};
		775C064A28547F7400F1F0D4 /* Products */ = {
			isa = PBXGroup;
			children = (
				775C064928547F7400F1F0D4 /* ABC.app */,
			);
			name = Products;
			sourceTree = "<group>";
		};
		775C064B28547F7400F1F0D4 /* ABC */ = {
			isa = PBXGroup;
			children = (
				774C9E4D2857A0C700796147 /* Application */,
				774C9E4F2857A12A00796147 /* Controller */,
				774C9E502857A14900796147 /* View */,
				774C9E4E2857A0FD00796147 /* Model */,
				774C9E512857A19100796147 /* Cell */,
				77BCA7EE2876F21B003AC462 /* Sounds */,
				775C065528547F7600F1F0D4 /* Assets.xcassets */,
				BE7BA215288D70480077EC6F /* background.mp4 */,
				777DE663288D3F5F001AD921 /* Constants.swift */,
				775C065728547F7600F1F0D4 /* LaunchScreen.storyboard */,
				775C065A28547F7600F1F0D4 /* Info.plist */,
			);
			path = ABC;
			sourceTree = "<group>";
		};
		77BCA7EE2876F21B003AC462 /* Sounds */ = {
			isa = PBXGroup;
			children = (
				776606D02881FD6B00544C5B /* sound-a-ru.mp3 */,
				776606D52882E70300544C5B /* sound-b-ru.mp3 */,
				776606DD2882E70300544C5B /* sound-c-ru.mp3 */,
				776606ED2882E70400544C5B /* sound-sh-ru.mp3 */,
				776606E62882E70400544C5B /* sound-d-ru.mp3 */,
				776606DE2882E70300544C5B /* sound-e-ru.mp3 */,
				776606E92882E70400544C5B /* sound-f-ru.mp3 */,
				776606F12882E70400544C5B /* sound-g-ru.mp3 */,
				776606E42882E70400544C5B /* sound-h-ru.mp3 */,
				776606DC2882E70300544C5B /* sound-i-ru.mp3 */,
				776606E32882E70400544C5B /* sound-j-ru.mp3 */,
				776606EB2882E70400544C5B /* sound-ja-ru.mp3 */,
				776606F02882E70400544C5B /* sound-je-ru.mp3 */,
				776606E72882E70400544C5B /* sound-jo-ru.mp3 */,
				776606D72882E70300544C5B /* sound-ju-ru.mp3 */,
				776606EC2882E70400544C5B /* sound-k-ru.mp3 */,
				776606DB2882E70300544C5B /* sound-l-ru.mp3 */,
				776606DA2882E70300544C5B /* sound-m-ru.mp3 */,
				776606E82882E70400544C5B /* sound-mjagkij-znak-ru.mp3 */,
				776606D92882E70300544C5B /* sound-n-ru.mp3 */,
				776606EA2882E70400544C5B /* sound-o-ru.mp3 */,
				776606D62882E70300544C5B /* sound-p-ru.mp3 */,
				776606DF2882E70300544C5B /* sound-r-ru.mp3 */,
				776606F42882E70400544C5B /* sound-s-ru.mp3 */,
				776606E02882E70300544C5B /* sound-ch-ru.mp3 */,
				776606EE2882E70400544C5B /* sound-shh-ru.mp3 */,
				776606F22882E70400544C5B /* sound-t-ru.mp3 */,
				776606E12882E70300544C5B /* sound-tverdyj-znak-ru.mp3 */,
				776606D82882E70300544C5B /* sound-u-ru.mp3 */,
				776606E52882E70400544C5B /* sound-v-ru.mp3 */,
				776606E22882E70400544C5B /* sound-y-ru.mp3 */,
				776606EF2882E70400544C5B /* sound-z-ru.mp3 */,
				776606F32882E70400544C5B /* sound-zh-ru.mp3 */,
			);
			path = Sounds;
			sourceTree = "<group>";
		};
		77C622EB28A8FF1F00F859B0 /* WordCard */ = {
			isa = PBXGroup;
			children = (
				77C622EC28A8FF5500F859B0 /* WordCardView.xib */,
				77C622EE28A8FFD100F859B0 /* WordCardView.swift */,
			);
			path = WordCard;
			sourceTree = "<group>";
		};
		BE7BA217288D74250077EC6F /* Components */ = {
			isa = PBXGroup;
			children = (
				775C065028547F7400F1F0D4 /* AlphabetViewController.swift */,
				BE7BA218288D74400077EC6F /* LoopedVideoPlayerView.swift */,
				77C622EB28A8FF1F00F859B0 /* WordCard */,
			);
			path = Components;
			sourceTree = "<group>";
		};
/* End PBXGroup section */

/* Begin PBXNativeTarget section */
		775C064828547F7400F1F0D4 /* ABC */ = {
			isa = PBXNativeTarget;
			buildConfigurationList = 775C065D28547F7600F1F0D4 /* Build configuration list for PBXNativeTarget "ABC" */;
			buildPhases = (
				775C064528547F7400F1F0D4 /* Sources */,
				775C064628547F7400F1F0D4 /* Frameworks */,
				775C064728547F7400F1F0D4 /* Resources */,
			);
			buildRules = (
			);
			dependencies = (
			);
			name = ABC;
			productName = ABC;
			productReference = 775C064928547F7400F1F0D4 /* ABC.app */;
			productType = "com.apple.product-type.application";
		};
/* End PBXNativeTarget section */

/* Begin PBXProject section */
		775C064128547F7400F1F0D4 /* Project object */ = {
			isa = PBXProject;
			attributes = {
				BuildIndependentTargetsInParallel = 1;
				LastSwiftUpdateCheck = 1340;
				LastUpgradeCheck = 1340;
				TargetAttributes = {
					775C064828547F7400F1F0D4 = {
						CreatedOnToolsVersion = 13.4.1;
					};
				};
			};
			buildConfigurationList = 775C064428547F7400F1F0D4 /* Build configuration list for PBXProject "ABC" */;
			compatibilityVersion = "Xcode 13.0";
			developmentRegion = en;
			hasScannedForEncodings = 0;
			knownRegions = (
				en,
				Base,
			);
			mainGroup = 775C064028547F7400F1F0D4;
			productRefGroup = 775C064A28547F7400F1F0D4 /* Products */;
			projectDirPath = "";
			projectRoot = "";
			targets = (
				775C064828547F7400F1F0D4 /* ABC */,
			);
		};
/* End PBXProject section */

/* Begin PBXResourcesBuildPhase section */
		775C064728547F7400F1F0D4 /* Resources */ = {
			isa = PBXResourcesBuildPhase;
			buildActionMask = 2147483647;
			files = (
				776607072882E70400544C5B /* sound-jo-ru.mp3 in Resources */,
				7766070A2882E70400544C5B /* sound-o-ru.mp3 in Resources */,
				776606FF2882E70400544C5B /* sound-r-ru.mp3 in Resources */,
				7766070C2882E70400544C5B /* sound-k-ru.mp3 in Resources */,
				77C622ED28A8FF5500F859B0 /* WordCardView.xib in Resources */,
				776606FA2882E70400544C5B /* sound-m-ru.mp3 in Resources */,
				776607112882E70400544C5B /* sound-g-ru.mp3 in Resources */,
				775C06632854899F00F1F0D4 /* LetterCollectionViewCell.xib in Resources */,
				776607082882E70400544C5B /* sound-mjagkij-znak-ru.mp3 in Resources */,
				776606D12881FD6B00544C5B /* sound-a-ru.mp3 in Resources */,
				775C065928547F7600F1F0D4 /* LaunchScreen.storyboard in Resources */,
				775C065628547F7600F1F0D4 /* Assets.xcassets in Resources */,
				776607122882E70400544C5B /* sound-t-ru.mp3 in Resources */,
				776607012882E70400544C5B /* sound-tverdyj-znak-ru.mp3 in Resources */,
				776607102882E70400544C5B /* sound-je-ru.mp3 in Resources */,
				776606F62882E70400544C5B /* sound-p-ru.mp3 in Resources */,
				776606F52882E70400544C5B /* sound-b-ru.mp3 in Resources */,
				776606FE2882E70400544C5B /* sound-e-ru.mp3 in Resources */,
				776607022882E70400544C5B /* sound-y-ru.mp3 in Resources */,
				776606F72882E70400544C5B /* sound-ju-ru.mp3 in Resources */,
				7766070E2882E70400544C5B /* sound-shh-ru.mp3 in Resources */,
				7766070D2882E70400544C5B /* sound-sh-ru.mp3 in Resources */,
				776607092882E70400544C5B /* sound-f-ru.mp3 in Resources */,
				776606F82882E70400544C5B /* sound-u-ru.mp3 in Resources */,
				776606F92882E70400544C5B /* sound-n-ru.mp3 in Resources */,
				776607062882E70400544C5B /* sound-d-ru.mp3 in Resources */,
				776606FB2882E70400544C5B /* sound-l-ru.mp3 in Resources */,
				776607142882E70400544C5B /* sound-s-ru.mp3 in Resources */,
				775C065428547F7400F1F0D4 /* Main.storyboard in Resources */,
				7766070F2882E70400544C5B /* sound-z-ru.mp3 in Resources */,
				776607032882E70400544C5B /* sound-j-ru.mp3 in Resources */,
				776607002882E70400544C5B /* sound-ch-ru.mp3 in Resources */,
				776607042882E70400544C5B /* sound-h-ru.mp3 in Resources */,
				776606FC2882E70400544C5B /* sound-i-ru.mp3 in Resources */,
				776607052882E70400544C5B /* sound-v-ru.mp3 in Resources */,
				776607132882E70400544C5B /* sound-zh-ru.mp3 in Resources */,
				BE7BA216288D70480077EC6F /* background.mp4 in Resources */,
				7766070B2882E70400544C5B /* sound-ja-ru.mp3 in Resources */,
				776606FD2882E70400544C5B /* sound-c-ru.mp3 in Resources */,
			);
			runOnlyForDeploymentPostprocessing = 0;
		};
/* End PBXResourcesBuildPhase section */

/* Begin PBXSourcesBuildPhase section */
		775C064528547F7400F1F0D4 /* Sources */ = {
			isa = PBXSourcesBuildPhase;
			buildActionMask = 2147483647;
			files = (
				F08C330B286709FB00D33A94 /* MockupData.swift in Sources */,
				775C06622854899F00F1F0D4 /* LetterCollectionViewCell.swift in Sources */,
				F08C33092867026600D33A94 /* Word.swift in Sources */,
				77AC3802285752210029B5C3 /* LetterCard.swift in Sources */,
				77C622EF28A8FFD100F859B0 /* WordCardView.swift in Sources */,
				775C065128547F7400F1F0D4 /* AlphabetViewController.swift in Sources */,
				775C064D28547F7400F1F0D4 /* AppDelegate.swift in Sources */,
				775C064F28547F7400F1F0D4 /* SceneDelegate.swift in Sources */,
				777DE664288D3F5F001AD921 /* Constants.swift in Sources */,
				BE7BA219288D74400077EC6F /* LoopedVideoPlayerView.swift in Sources */,
			);
			runOnlyForDeploymentPostprocessing = 0;
		};
/* End PBXSourcesBuildPhase section */

/* Begin PBXVariantGroup section */
		775C065228547F7400F1F0D4 /* Main.storyboard */ = {
			isa = PBXVariantGroup;
			children = (
				775C065328547F7400F1F0D4 /* Base */,
			);
			name = Main.storyboard;
			sourceTree = "<group>";
		};
		775C065728547F7600F1F0D4 /* LaunchScreen.storyboard */ = {
			isa = PBXVariantGroup;
			children = (
				775C065828547F7600F1F0D4 /* Base */,
			);
			name = LaunchScreen.storyboard;
			sourceTree = "<group>";
		};
/* End PBXVariantGroup section */

/* Begin XCBuildConfiguration section */
		775C065B28547F7600F1F0D4 /* Debug */ = {
			isa = XCBuildConfiguration;
			buildSettings = {
				ALWAYS_SEARCH_USER_PATHS = NO;
				CLANG_ANALYZER_NONNULL = YES;
				CLANG_ANALYZER_NUMBER_OBJECT_CONVERSION = YES_AGGRESSIVE;
				CLANG_CXX_LANGUAGE_STANDARD = "gnu++17";
				CLANG_ENABLE_MODULES = YES;
				CLANG_ENABLE_OBJC_ARC = YES;
				CLANG_ENABLE_OBJC_WEAK = YES;
				CLANG_WARN_BLOCK_CAPTURE_AUTORELEASING = YES;
				CLANG_WARN_BOOL_CONVERSION = YES;
				CLANG_WARN_COMMA = YES;
				CLANG_WARN_CONSTANT_CONVERSION = YES;
				CLANG_WARN_DEPRECATED_OBJC_IMPLEMENTATIONS = YES;
				CLANG_WARN_DIRECT_OBJC_ISA_USAGE = YES_ERROR;
				CLANG_WARN_DOCUMENTATION_COMMENTS = YES;
				CLANG_WARN_EMPTY_BODY = YES;
				CLANG_WARN_ENUM_CONVERSION = YES;
				CLANG_WARN_INFINITE_RECURSION = YES;
				CLANG_WARN_INT_CONVERSION = YES;
				CLANG_WARN_NON_LITERAL_NULL_CONVERSION = YES;
				CLANG_WARN_OBJC_IMPLICIT_RETAIN_SELF = YES;
				CLANG_WARN_OBJC_LITERAL_CONVERSION = YES;
				CLANG_WARN_OBJC_ROOT_CLASS = YES_ERROR;
				CLANG_WARN_QUOTED_INCLUDE_IN_FRAMEWORK_HEADER = YES;
				CLANG_WARN_RANGE_LOOP_ANALYSIS = YES;
				CLANG_WARN_STRICT_PROTOTYPES = YES;
				CLANG_WARN_SUSPICIOUS_MOVE = YES;
				CLANG_WARN_UNGUARDED_AVAILABILITY = YES_AGGRESSIVE;
				CLANG_WARN_UNREACHABLE_CODE = YES;
				CLANG_WARN__DUPLICATE_METHOD_MATCH = YES;
				COPY_PHASE_STRIP = NO;
				DEBUG_INFORMATION_FORMAT = dwarf;
				ENABLE_STRICT_OBJC_MSGSEND = YES;
				ENABLE_TESTABILITY = YES;
				GCC_C_LANGUAGE_STANDARD = gnu11;
				GCC_DYNAMIC_NO_PIC = NO;
				GCC_NO_COMMON_BLOCKS = YES;
				GCC_OPTIMIZATION_LEVEL = 0;
				GCC_PREPROCESSOR_DEFINITIONS = (
					"DEBUG=1",
					"$(inherited)",
				);
				GCC_WARN_64_TO_32_BIT_CONVERSION = YES;
				GCC_WARN_ABOUT_RETURN_TYPE = YES_ERROR;
				GCC_WARN_UNDECLARED_SELECTOR = YES;
				GCC_WARN_UNINITIALIZED_AUTOS = YES_AGGRESSIVE;
				GCC_WARN_UNUSED_FUNCTION = YES;
				GCC_WARN_UNUSED_VARIABLE = YES;
				IPHONEOS_DEPLOYMENT_TARGET = 15.5;
				MTL_ENABLE_DEBUG_INFO = INCLUDE_SOURCE;
				MTL_FAST_MATH = YES;
				ONLY_ACTIVE_ARCH = YES;
				SDKROOT = iphoneos;
				SWIFT_ACTIVE_COMPILATION_CONDITIONS = DEBUG;
				SWIFT_OPTIMIZATION_LEVEL = "-Onone";
			};
			name = Debug;
		};
		775C065C28547F7600F1F0D4 /* Release */ = {
			isa = XCBuildConfiguration;
			buildSettings = {
				ALWAYS_SEARCH_USER_PATHS = NO;
				CLANG_ANALYZER_NONNULL = YES;
				CLANG_ANALYZER_NUMBER_OBJECT_CONVERSION = YES_AGGRESSIVE;
				CLANG_CXX_LANGUAGE_STANDARD = "gnu++17";
				CLANG_ENABLE_MODULES = YES;
				CLANG_ENABLE_OBJC_ARC = YES;
				CLANG_ENABLE_OBJC_WEAK = YES;
				CLANG_WARN_BLOCK_CAPTURE_AUTORELEASING = YES;
				CLANG_WARN_BOOL_CONVERSION = YES;
				CLANG_WARN_COMMA = YES;
				CLANG_WARN_CONSTANT_CONVERSION = YES;
				CLANG_WARN_DEPRECATED_OBJC_IMPLEMENTATIONS = YES;
				CLANG_WARN_DIRECT_OBJC_ISA_USAGE = YES_ERROR;
				CLANG_WARN_DOCUMENTATION_COMMENTS = YES;
				CLANG_WARN_EMPTY_BODY = YES;
				CLANG_WARN_ENUM_CONVERSION = YES;
				CLANG_WARN_INFINITE_RECURSION = YES;
				CLANG_WARN_INT_CONVERSION = YES;
				CLANG_WARN_NON_LITERAL_NULL_CONVERSION = YES;
				CLANG_WARN_OBJC_IMPLICIT_RETAIN_SELF = YES;
				CLANG_WARN_OBJC_LITERAL_CONVERSION = YES;
				CLANG_WARN_OBJC_ROOT_CLASS = YES_ERROR;
				CLANG_WARN_QUOTED_INCLUDE_IN_FRAMEWORK_HEADER = YES;
				CLANG_WARN_RANGE_LOOP_ANALYSIS = YES;
				CLANG_WARN_STRICT_PROTOTYPES = YES;
				CLANG_WARN_SUSPICIOUS_MOVE = YES;
				CLANG_WARN_UNGUARDED_AVAILABILITY = YES_AGGRESSIVE;
				CLANG_WARN_UNREACHABLE_CODE = YES;
				CLANG_WARN__DUPLICATE_METHOD_MATCH = YES;
				COPY_PHASE_STRIP = NO;
				DEBUG_INFORMATION_FORMAT = "dwarf-with-dsym";
				ENABLE_NS_ASSERTIONS = NO;
				ENABLE_STRICT_OBJC_MSGSEND = YES;
				GCC_C_LANGUAGE_STANDARD = gnu11;
				GCC_NO_COMMON_BLOCKS = YES;
				GCC_WARN_64_TO_32_BIT_CONVERSION = YES;
				GCC_WARN_ABOUT_RETURN_TYPE = YES_ERROR;
				GCC_WARN_UNDECLARED_SELECTOR = YES;
				GCC_WARN_UNINITIALIZED_AUTOS = YES_AGGRESSIVE;
				GCC_WARN_UNUSED_FUNCTION = YES;
				GCC_WARN_UNUSED_VARIABLE = YES;
				IPHONEOS_DEPLOYMENT_TARGET = 15.5;
				MTL_ENABLE_DEBUG_INFO = NO;
				MTL_FAST_MATH = YES;
				SDKROOT = iphoneos;
				SWIFT_COMPILATION_MODE = wholemodule;
				SWIFT_OPTIMIZATION_LEVEL = "-O";
				VALIDATE_PRODUCT = YES;
			};
			name = Release;
		};
		775C065E28547F7600F1F0D4 /* Debug */ = {
			isa = XCBuildConfiguration;
			buildSettings = {
				ASSETCATALOG_COMPILER_APPICON_NAME = AppIcon;
				ASSETCATALOG_COMPILER_GLOBAL_ACCENT_COLOR_NAME = AccentColor;
				CODE_SIGN_STYLE = Automatic;
				CURRENT_PROJECT_VERSION = 1;
				DEVELOPMENT_TEAM = "";
				GENERATE_INFOPLIST_FILE = YES;
				INFOPLIST_FILE = ABC/Info.plist;
				INFOPLIST_KEY_UIApplicationSupportsIndirectInputEvents = YES;
				INFOPLIST_KEY_UILaunchStoryboardName = LaunchScreen;
				INFOPLIST_KEY_UIMainStoryboardFile = Main;
				INFOPLIST_KEY_UIRequiresFullScreen = YES;
				INFOPLIST_KEY_UIStatusBarHidden = NO;
				INFOPLIST_KEY_UISupportedInterfaceOrientations = UIInterfaceOrientationPortrait;
				INFOPLIST_KEY_UISupportedInterfaceOrientations_iPad = "UIInterfaceOrientationPortrait UIInterfaceOrientationPortraitUpsideDown UIInterfaceOrientationLandscapeLeft UIInterfaceOrientationLandscapeRight";
				INFOPLIST_KEY_UISupportedInterfaceOrientations_iPhone = "UIInterfaceOrientationPortrait UIInterfaceOrientationLandscapeLeft UIInterfaceOrientationLandscapeRight";
				LD_RUNPATH_SEARCH_PATHS = (
					"$(inherited)",
					"@executable_path/Frameworks",
				);
				MARKETING_VERSION = 1.0;
				PRODUCT_BUNDLE_IDENTIFIER = ozinchenko.ABC;
				PRODUCT_NAME = "$(TARGET_NAME)";
				SWIFT_EMIT_LOC_STRINGS = YES;
				SWIFT_VERSION = 5.0;
				TARGETED_DEVICE_FAMILY = 1;
			};
			name = Debug;
		};
		775C065F28547F7600F1F0D4 /* Release */ = {
			isa = XCBuildConfiguration;
			buildSettings = {
				ASSETCATALOG_COMPILER_APPICON_NAME = AppIcon;
				ASSETCATALOG_COMPILER_GLOBAL_ACCENT_COLOR_NAME = AccentColor;
				CODE_SIGN_STYLE = Automatic;
				CURRENT_PROJECT_VERSION = 1;
				DEVELOPMENT_TEAM = "";
				GENERATE_INFOPLIST_FILE = YES;
				INFOPLIST_FILE = ABC/Info.plist;
				INFOPLIST_KEY_UIApplicationSupportsIndirectInputEvents = YES;
				INFOPLIST_KEY_UILaunchStoryboardName = LaunchScreen;
				INFOPLIST_KEY_UIMainStoryboardFile = Main;
				INFOPLIST_KEY_UIRequiresFullScreen = YES;
				INFOPLIST_KEY_UIStatusBarHidden = NO;
				INFOPLIST_KEY_UISupportedInterfaceOrientations = UIInterfaceOrientationPortrait;
				INFOPLIST_KEY_UISupportedInterfaceOrientations_iPad = "UIInterfaceOrientationPortrait UIInterfaceOrientationPortraitUpsideDown UIInterfaceOrientationLandscapeLeft UIInterfaceOrientationLandscapeRight";
				INFOPLIST_KEY_UISupportedInterfaceOrientations_iPhone = "UIInterfaceOrientationPortrait UIInterfaceOrientationLandscapeLeft UIInterfaceOrientationLandscapeRight";
				LD_RUNPATH_SEARCH_PATHS = (
					"$(inherited)",
					"@executable_path/Frameworks",
				);
				MARKETING_VERSION = 1.0;
				PRODUCT_BUNDLE_IDENTIFIER = ozinchenko.ABC;
				PRODUCT_NAME = "$(TARGET_NAME)";
				SWIFT_EMIT_LOC_STRINGS = YES;
				SWIFT_VERSION = 5.0;
				TARGETED_DEVICE_FAMILY = 1;
			};
			name = Release;
		};
/* End XCBuildConfiguration section */

/* Begin XCConfigurationList section */
		775C064428547F7400F1F0D4 /* Build configuration list for PBXProject "ABC" */ = {
			isa = XCConfigurationList;
			buildConfigurations = (
				775C065B28547F7600F1F0D4 /* Debug */,
				775C065C28547F7600F1F0D4 /* Release */,
			);
			defaultConfigurationIsVisible = 0;
			defaultConfigurationName = Release;
		};
		775C065D28547F7600F1F0D4 /* Build configuration list for PBXNativeTarget "ABC" */ = {
			isa = XCConfigurationList;
			buildConfigurations = (
				775C065E28547F7600F1F0D4 /* Debug */,
				775C065F28547F7600F1F0D4 /* Release */,
			);
			defaultConfigurationIsVisible = 0;
			defaultConfigurationName = Release;
		};
/* End XCConfigurationList section */
	};
	rootObject = 775C064128547F7400F1F0D4 /* Project object */;
}
